PODS:
  - UnderLineTextField (2.1.0)

DEPENDENCIES:
  - UnderLineTextField (from `../`)

EXTERNAL SOURCES:
  UnderLineTextField:
    :path: "../"

SPEC CHECKSUMS:
  UnderLineTextField: b3f5307b56962331e30a965e81b79aae2df1de83

PODFILE CHECKSUM: bd5b26c569d076de86a150d528ab419b10ba7a27

COCOAPODS: 1.8.4
